
Microsoft Visual Studio Solution File, Format Version 12.00
# Visual Studio Version 16
VisualStudioVersion = 16.0.31410.357
MinimumVisualStudioVersion = 10.0.40219.1
Project("{FAE04EC0-301F-11D3-BF4B-00C04F79EFBC}") = "DemoMVC4EF", "DemoMVC4EF.csproj", "{4B629ED6-51FD-4A2A-882A-8B5431CABA75}"
EndProject
Global
	GlobalSection(SolutionConfigurationPlatforms) = preSolution
		Debug|Any CPU = Debug|Any CPU
		Release|Any CPU = Release|Any CPU
	EndGlobalSection
	GlobalSection(ProjectConfigurationPlatforms) = postSolution
		{4B629ED6-51FD-4A2A-882A-8B5431CABA75}.Debug|Any CPU.ActiveCfg = Debug|Any CPU
		{4B629ED6-51FD-4A2A-882A-8B5431CABA75}.Debug|Any CPU.Build.0 = Debug|Any CPU
		{4B629ED6-51FD-4A2A-882A-8B5431CABA75}.Release|Any CPU.ActiveCfg = Release|Any CPU
		{4B629ED6-51FD-4A2A-882A-8B5431CABA75}.Release|Any CPU.Build.0 = Release|Any CPU
	EndGlobalSection
	GlobalSection(SolutionProperties) = preSolution
		HideSolutionNode = FALSE
	EndGlobalSection
	GlobalSection(ExtensibilityGlobals) = postSolution
		SolutionGuid = {2ADC9DB3-D1B7-46A6-9C39-246A3FD8743A}
	EndGlobalSection
EndGlobal
